{
  "object": {
    "pins": [
      {
        "package": "FontAwesome",
        "repositoryURL": "https://github.com/thii/FontAwesome.swift.git",
        "state": {
          "branch": null,
          "revision": "2684b5bcde5bf712d45c14dac8f474917a65ec13",
          "version": "1.9.0"
        }
      },
      {
        "package": "Kingfisher",
        "repositoryURL": "https://github.com/onevcat/Kingfisher.git",
        "state": {
          "branch": null,
          "revision": "be1a1acb283a702b99b630f586877ba02234b4cb",
          "version": "7.3.2"
        }
      },
      {
        "package": "Lottie",
        "repositoryURL": "https://github.com/airbnb/lottie-ios.git",
        "state": {
          "branch": null,
          "revision": "4ca8023b820b7d5d5ae1e2637c046e3dab0f45d0",
          "version": "3.4.2"
        }
      },
      {
        "package": "Reusable",
        "repositoryURL": "https://github.com/AliSoftware/Reusable.git",
        "state": {
          "branch": null,
          "revision": "86cd17aa27e80d20bfe2ea57dd08958cf64664f4",
          "version": "4.1.1"
        }
      },
      {
        "package": "SnapKit",
        "repositoryURL": "https://github.com/SnapKit/SnapKit.git",
        "state": {
          "branch": null,
          "revision": "d458564516e5676af9c70b4f4b2a9178294f1bc6",
          "version": "5.0.1"
        }
      }
    ]
  },
  "version": 1
}
